// !$*UTF8*$!
{
	archiveVersion = 1;
	classes = {
	};
	objectVersion = 50;
	objects = {

/* Begin PBXBuildFile section */
		043D119C22B808DF0059431F /* AppDelegate.swift in Sources */ = {isa = PBXBuildFile; fileRef = 043D119B22B808DF0059431F /* AppDelegate.swift */; };
		043D119E22B808DF0059431F /* ViewController.swift in Sources */ = {isa = PBXBuildFile; fileRef = 043D119D22B808DF0059431F /* ViewController.swift */; };
		043D11A122B808DF0059431F /* Main.storyboard in Resources */ = {isa = PBXBuildFile; fileRef = 043D119F22B808DF0059431F /* Main.storyboard */; };
		043D11A322B808E00059431F /* Assets.xcassets in Resources */ = {isa = PBXBuildFile; fileRef = 043D11A222B808E00059431F /* Assets.xcassets */; };
		043D11A622B808E00059431F /* LaunchScreen.storyboard in Resources */ = {isa = PBXBuildFile; fileRef = 043D11A422B808E00059431F /* LaunchScreen.storyboard */; };
		043D11B122B80AE70059431F /* ChangeCityViewController.swift in Sources */ = {isa = PBXBuildFile; fileRef = 043D11B022B80AE70059431F /* ChangeCityViewController.swift */; };
		043D11B322B867120059431F /* Constants.swift in Sources */ = {isa = PBXBuildFile; fileRef = 043D11B222B867120059431F /* Constants.swift */; };
		043D11B522B8B1020059431F /* ForecastCollectionViewCell.swift in Sources */ = {isa = PBXBuildFile; fileRef = 043D11B422B8B1020059431F /* ForecastCollectionViewCell.swift */; };
		04B5001122B8D20900761790 /* WeatherDataModel.swift in Sources */ = {isa = PBXBuildFile; fileRef = 04B5001022B8D20900761790 /* WeatherDataModel.swift */; };
		4E56974F885397671307FF6D /* Pods_Clima_v2.framework in Frameworks */ = {isa = PBXBuildFile; fileRef = 482EB9FFF225D707A954F622 /* Pods_Clima_v2.framework */; };
/* End PBXBuildFile section */

/* Begin PBXFileReference section */
		043D119822B808DF0059431F /* Clima v2.app */ = {isa = PBXFileReference; explicitFileType = wrapper.application; includeInIndex = 0; path = "Clima v2.app"; sourceTree = BUILT_PRODUCTS_DIR; };
		043D119B22B808DF0059431F /* AppDelegate.swift */ = {isa = PBXFileReference; lastKnownFileType = sourcecode.swift; path = AppDelegate.swift; sourceTree = "<group>"; };
		043D119D22B808DF0059431F /* ViewController.swift */ = {isa = PBXFileReference; lastKnownFileType = sourcecode.swift; path = ViewController.swift; sourceTree = "<group>"; };
		043D11A022B808DF0059431F /* Base */ = {isa = PBXFileReference; lastKnownFileType = file.storyboard; name = Base; path = Base.lproj/Main.storyboard; sourceTree = "<group>"; };
		043D11A222B808E00059431F /* Assets.xcassets */ = {isa = PBXFileReference; lastKnownFileType = folder.assetcatalog; path = Assets.xcassets; sourceTree = "<group>"; };
		043D11A522B808E00059431F /* Base */ = {isa = PBXFileReference; lastKnownFileType = file.storyboard; name = Base; path = Base.lproj/LaunchScreen.storyboard; sourceTree = "<group>"; };
		043D11A722B808E00059431F /* Info.plist */ = {isa = PBXFileReference; lastKnownFileType = text.plist.xml; path = Info.plist; sourceTree = "<group>"; };
		043D11B022B80AE70059431F /* ChangeCityViewController.swift */ = {isa = PBXFileReference; lastKnownFileType = sourcecode.swift; path = ChangeCityViewController.swift; sourceTree = "<group>"; };
		043D11B222B867120059431F /* Constants.swift */ = {isa = PBXFileReference; lastKnownFileType = sourcecode.swift; path = Constants.swift; sourceTree = "<group>"; };
		043D11B422B8B1020059431F /* ForecastCollectionViewCell.swift */ = {isa = PBXFileReference; lastKnownFileType = sourcecode.swift; path = ForecastCollectionViewCell.swift; sourceTree = "<group>"; };
		04B5001022B8D20900761790 /* WeatherDataModel.swift */ = {isa = PBXFileReference; lastKnownFileType = sourcecode.swift; path = WeatherDataModel.swift; sourceTree = "<group>"; };
		482EB9FFF225D707A954F622 /* Pods_Clima_v2.framework */ = {isa = PBXFileReference; explicitFileType = wrapper.framework; includeInIndex = 0; path = Pods_Clima_v2.framework; sourceTree = BUILT_PRODUCTS_DIR; };
		8EC6A0131C65316541CC9DB2 /* Pods-Clima v2.release.xcconfig */ = {isa = PBXFileReference; includeInIndex = 1; lastKnownFileType = text.xcconfig; name = "Pods-Clima v2.release.xcconfig"; path = "Pods/Target Support Files/Pods-Clima v2/Pods-Clima v2.release.xcconfig"; sourceTree = "<group>"; };
		D2DD8564EE9A73E8D8FA085B /* Pods-Clima v2.debug.xcconfig */ = {isa = PBXFileReference; includeInIndex = 1; lastKnownFileType = text.xcconfig; name = "Pods-Clima v2.debug.xcconfig"; path = "Pods/Target Support Files/Pods-Clima v2/Pods-Clima v2.debug.xcconfig"; sourceTree = "<group>"; };
/* End PBXFileReference section */

/* Begin PBXFrameworksBuildPhase section */
		043D119522B808DF0059431F /* Frameworks */ = {
			isa = PBXFrameworksBuildPhase;
			buildActionMask = 2147483647;
			files = (
				4E56974F885397671307FF6D /* Pods_Clima_v2.framework in Frameworks */,
			);
			runOnlyForDeploymentPostprocessing = 0;
		};
/* End PBXFrameworksBuildPhase section */

/* Begin PBXGroup section */
		043D118F22B808DF0059431F = {
			isa = PBXGroup;
			children = (
				043D119A22B808DF0059431F /* Clima v2 */,
				043D119922B808DF0059431F /* Products */,
				652A60DF4A69FA9ED739B811 /* Pods */,
				7E2D912D69BF0333DD20FDDC /* Frameworks */,
			);
			sourceTree = "<group>";
		};
		043D119922B808DF0059431F /* Products */ = {
			isa = PBXGroup;
			children = (
				043D119822B808DF0059431F /* Clima v2.app */,
			);
			name = Products;
			sourceTree = "<group>";
		};
		043D119A22B808DF0059431F /* Clima v2 */ = {
			isa = PBXGroup;
			children = (
				043D11AF22B80A8D0059431F /* Model */,
				043D11AD22B80A4C0059431F /* View */,
				043D11AE22B80A620059431F /* Controller */,
				043D11A222B808E00059431F /* Assets.xcassets */,
				043D11A422B808E00059431F /* LaunchScreen.storyboard */,
				043D11A722B808E00059431F /* Info.plist */,
			);
			path = "Clima v2";
			sourceTree = "<group>";
		};
		043D11AD22B80A4C0059431F /* View */ = {
			isa = PBXGroup;
			children = (
				043D119F22B808DF0059431F /* Main.storyboard */,
			);
			path = View;
			sourceTree = "<group>";
		};
		043D11AE22B80A620059431F /* Controller */ = {
			isa = PBXGroup;
			children = (
				043D119B22B808DF0059431F /* AppDelegate.swift */,
				043D11B422B8B1020059431F /* ForecastCollectionViewCell.swift */,
				043D119D22B808DF0059431F /* ViewController.swift */,
				043D11B022B80AE70059431F /* ChangeCityViewController.swift */,
			);
			path = Controller;
			sourceTree = "<group>";
		};
		043D11AF22B80A8D0059431F /* Model */ = {
			isa = PBXGroup;
			children = (
				043D11B222B867120059431F /* Constants.swift */,
				04B5001022B8D20900761790 /* WeatherDataModel.swift */,
			);
			path = Model;
			sourceTree = "<group>";
		};
		652A60DF4A69FA9ED739B811 /* Pods */ = {
			isa = PBXGroup;
			children = (
				D2DD8564EE9A73E8D8FA085B /* Pods-Clima v2.debug.xcconfig */,
				8EC6A0131C65316541CC9DB2 /* Pods-Clima v2.release.xcconfig */,
			);
			name = Pods;
			sourceTree = "<group>";
		};
		7E2D912D69BF0333DD20FDDC /* Frameworks */ = {
			isa = PBXGroup;
			children = (
				482EB9FFF225D707A954F622 /* Pods_Clima_v2.framework */,
			);
			name = Frameworks;
			sourceTree = "<group>";
		};
/* End PBXGroup section */

/* Begin PBXNativeTarget section */
		043D119722B808DF0059431F /* Clima v2 */ = {
			isa = PBXNativeTarget;
			buildConfigurationList = 043D11AA22B808E00059431F /* Build configuration list for PBXNativeTarget "Clima v2" */;
			buildPhases = (
				0FEDA2683ACDDF282DB55158 /* [CP] Check Pods Manifest.lock */,
				043D119422B808DF0059431F /* Sources */,
				043D119522B808DF0059431F /* Frameworks */,
				043D119622B808DF0059431F /* Resources */,
				A1B0661C33B461CD8C7A3E8B /* [CP] Embed Pods Frameworks */,
			);
			buildRules = (
			);
			dependencies = (
			);
			name = "Clima v2";
			productName = "Clima v2";
			productReference = 043D119822B808DF0059431F /* Clima v2.app */;
			productType = "com.apple.product-type.application";
		};
/* End PBXNativeTarget section */

/* Begin PBXProject section */
		043D119022B808DF0059431F /* Project object */ = {
			isa = PBXProject;
			attributes = {
				LastSwiftUpdateCheck = 1020;
				LastUpgradeCheck = 1020;
				ORGANIZATIONNAME = Deonte;
				TargetAttributes = {
					043D119722B808DF0059431F = {
						CreatedOnToolsVersion = 10.2.1;
					};
				};
			};
			buildConfigurationList = 043D119322B808DF0059431F /* Build configuration list for PBXProject "Clima v2" */;
			compatibilityVersion = "Xcode 9.3";
			developmentRegion = en;
			hasScannedForEncodings = 0;
			knownRegions = (
				en,
				Base,
			);
			mainGroup = 043D118F22B808DF0059431F;
			productRefGroup = 043D119922B808DF0059431F /* Products */;
			projectDirPath = "";
			projectRoot = "";
			targets = (
				043D119722B808DF0059431F /* Clima v2 */,
			);
		};
/* End PBXProject section */

/* Begin PBXResourcesBuildPhase section */
		043D119622B808DF0059431F /* Resources */ = {
			isa = PBXResourcesBuildPhase;
			buildActionMask = 2147483647;
			files = (
				043D11A622B808E00059431F /* LaunchScreen.storyboard in Resources */,
				043D11A322B808E00059431F /* Assets.xcassets in Resources */,
				043D11A122B808DF0059431F /* Main.storyboard in Resources */,
			);
			runOnlyForDeploymentPostprocessing = 0;
		};
/* End PBXResourcesBuildPhase section */

/* Begin PBXShellScriptBuildPhase section */
		0FEDA2683ACDDF282DB55158 /* [CP] Check Pods Manifest.lock */ = {
			isa = PBXShellScriptBuildPhase;
			buildActionMask = 2147483647;
			files = (
			);
			inputFileListPaths = (
			);
			inputPaths = (
				"${PODS_PODFILE_DIR_PATH}/Podfile.lock",
				"${PODS_ROOT}/Manifest.lock",
			);
			name = "[CP] Check Pods Manifest.lock";
			outputFileListPaths = (
			);
			outputPaths = (
				"$(DERIVED_FILE_DIR)/Pods-Clima v2-checkManifestLockResult.txt",
			);
			runOnlyForDeploymentPostprocessing = 0;
			shellPath = /bin/sh;
			shellScript = "diff \"${PODS_PODFILE_DIR_PATH}/Podfile.lock\" \"${PODS_ROOT}/Manifest.lock\" > /dev/null\nif [ $? != 0 ] ; then\n    # print error to STDERR\n    echo \"error: The sandbox is not in sync with the Podfile.lock. Run 'pod install' or update your CocoaPods installation.\" >&2\n    exit 1\nfi\n# This output is used by Xcode 'outputs' to avoid re-running this script phase.\necho \"SUCCESS\" > \"${SCRIPT_OUTPUT_FILE_0}\"\n";
			showEnvVarsInLog = 0;
		};
		A1B0661C33B461CD8C7A3E8B /* [CP] Embed Pods Frameworks */ = {
			isa = PBXShellScriptBuildPhase;
			buildActionMask = 2147483647;
			files = (
			);
			inputFileListPaths = (
			);
			inputPaths = (
				"${SRCROOT}/Pods/Target Support Files/Pods-Clima v2/Pods-Clima v2-frameworks.sh",
				"${BUILT_PRODUCTS_DIR}/Alamofire/Alamofire.framework",
				"${BUILT_PRODUCTS_DIR}/SwiftyJSON/SwiftyJSON.framework",
			);
			name = "[CP] Embed Pods Frameworks";
			outputFileListPaths = (
			);
			outputPaths = (
				"${TARGET_BUILD_DIR}/${FRAMEWORKS_FOLDER_PATH}/Alamofire.framework",
				"${TARGET_BUILD_DIR}/${FRAMEWORKS_FOLDER_PATH}/SwiftyJSON.framework",
			);
			runOnlyForDeploymentPostprocessing = 0;
			shellPath = /bin/sh;
			shellScript = "\"${SRCROOT}/Pods/Target Support Files/Pods-Clima v2/Pods-Clima v2-frameworks.sh\"\n";
			showEnvVarsInLog = 0;
		};
/* End PBXShellScriptBuildPhase section */

/* Begin PBXSourcesBuildPhase section */
		043D119422B808DF0059431F /* Sources */ = {
			isa = PBXSourcesBuildPhase;
			buildActionMask = 2147483647;
			files = (
				043D119E22B808DF0059431F /* ViewController.swift in Sources */,
				043D119C22B808DF0059431F /* AppDelegate.swift in Sources */,
				04B5001122B8D20900761790 /* WeatherDataModel.swift in Sources */,
				043D11B122B80AE70059431F /* ChangeCityViewController.swift in Sources */,
				043D11B522B8B1020059431F /* ForecastCollectionViewCell.swift in Sources */,
				043D11B322B867120059431F /* Constants.swift in Sources */,
			);
			runOnlyForDeploymentPostprocessing = 0;
		};
/* End PBXSourcesBuildPhase section */

/* Begin PBXVariantGroup section */
		043D119F22B808DF0059431F /* Main.storyboard */ = {
			isa = PBXVariantGroup;
			children = (
				043D11A022B808DF0059431F /* Base */,
			);
			name = Main.storyboard;
			sourceTree = "<group>";
		};
		043D11A422B808E00059431F /* LaunchScreen.storyboard */ = {
			isa = PBXVariantGroup;
			children = (
				043D11A522B808E00059431F /* Base */,
			);
			name = LaunchScreen.storyboard;
			sourceTree = "<group>";
		};
/* End PBXVariantGroup section */

/* Begin XCBuildConfiguration section */
		043D11A822B808E00059431F /* Debug */ = {
			isa = XCBuildConfiguration;
			buildSettings = {
				ALWAYS_SEARCH_USER_PATHS = NO;
				CLANG_ANALYZER_NONNULL = YES;
				CLANG_ANALYZER_NUMBER_OBJECT_CONVERSION = YES_AGGRESSIVE;
				CLANG_CXX_LANGUAGE_STANDARD = "gnu++14";
				CLANG_CXX_LIBRARY = "libc++";
				CLANG_ENABLE_MODULES = YES;
				CLANG_ENABLE_OBJC_ARC = YES;
				CLANG_ENABLE_OBJC_WEAK = YES;
				CLANG_WARN_BLOCK_CAPTURE_AUTORELEASING = YES;
				CLANG_WARN_BOOL_CONVERSION = YES;
				CLANG_WARN_COMMA = YES;
				CLANG_WARN_CONSTANT_CONVERSION = YES;
				CLANG_WARN_DEPRECATED_OBJC_IMPLEMENTATIONS = YES;
				CLANG_WARN_DIRECT_OBJC_ISA_USAGE = YES_ERROR;
				CLANG_WARN_DOCUMENTATION_COMMENTS = YES;
				CLANG_WARN_EMPTY_BODY = YES;
				CLANG_WARN_ENUM_CONVERSION = YES;
				CLANG_WARN_INFINITE_RECURSION = YES;
				CLANG_WARN_INT_CONVERSION = YES;
				CLANG_WARN_NON_LITERAL_NULL_CONVERSION = YES;
				CLANG_WARN_OBJC_IMPLICIT_RETAIN_SELF = YES;
				CLANG_WARN_OBJC_LITERAL_CONVERSION = YES;
				CLANG_WARN_OBJC_ROOT_CLASS = YES_ERROR;
				CLANG_WARN_RANGE_LOOP_ANALYSIS = YES;
				CLANG_WARN_STRICT_PROTOTYPES = YES;
				CLANG_WARN_SUSPICIOUS_MOVE = YES;
				CLANG_WARN_UNGUARDED_AVAILABILITY = YES_AGGRESSIVE;
				CLANG_WARN_UNREACHABLE_CODE = YES;
				CLANG_WARN__DUPLICATE_METHOD_MATCH = YES;
				CODE_SIGN_IDENTITY = "iPhone Developer";
				COPY_PHASE_STRIP = NO;
				DEBUG_INFORMATION_FORMAT = dwarf;
				ENABLE_STRICT_OBJC_MSGSEND = YES;
				ENABLE_TESTABILITY = YES;
				GCC_C_LANGUAGE_STANDARD = gnu11;
				GCC_DYNAMIC_NO_PIC = NO;
				GCC_NO_COMMON_BLOCKS = YES;
				GCC_OPTIMIZATION_LEVEL = 0;
				GCC_PREPROCESSOR_DEFINITIONS = (
					"DEBUG=1",
					"$(inherited)",
				);
				GCC_WARN_64_TO_32_BIT_CONVERSION = YES;
				GCC_WARN_ABOUT_RETURN_TYPE = YES_ERROR;
				GCC_WARN_UNDECLARED_SELECTOR = YES;
				GCC_WARN_UNINITIALIZED_AUTOS = YES_AGGRESSIVE;
				GCC_WARN_UNUSED_FUNCTION = YES;
				GCC_WARN_UNUSED_VARIABLE = YES;
				IPHONEOS_DEPLOYMENT_TARGET = 12.2;
				MTL_ENABLE_DEBUG_INFO = INCLUDE_SOURCE;
				MTL_FAST_MATH = YES;
				ONLY_ACTIVE_ARCH = YES;
				SDKROOT = iphoneos;
				SWIFT_ACTIVE_COMPILATION_CONDITIONS = DEBUG;
				SWIFT_OPTIMIZATION_LEVEL = "-Onone";
			};
			name = Debug;
		};
		043D11A922B808E00059431F /* Release */ = {
			isa = XCBuildConfiguration;
			buildSettings = {
				ALWAYS_SEARCH_USER_PATHS = NO;
				CLANG_ANALYZER_NONNULL = YES;
				CLANG_ANALYZER_NUMBER_OBJECT_CONVERSION = YES_AGGRESSIVE;
				CLANG_CXX_LANGUAGE_STANDARD = "gnu++14";
				CLANG_CXX_LIBRARY = "libc++";
				CLANG_ENABLE_MODULES = YES;
				CLANG_ENABLE_OBJC_ARC = YES;
				CLANG_ENABLE_OBJC_WEAK = YES;
				CLANG_WARN_BLOCK_CAPTURE_AUTORELEASING = YES;
				CLANG_WARN_BOOL_CONVERSION = YES;
				CLANG_WARN_COMMA = YES;
				CLANG_WARN_CONSTANT_CONVERSION = YES;
				CLANG_WARN_DEPRECATED_OBJC_IMPLEMENTATIONS = YES;
				CLANG_WARN_DIRECT_OBJC_ISA_USAGE = YES_ERROR;
				CLANG_WARN_DOCUMENTATION_COMMENTS = YES;
				CLANG_WARN_EMPTY_BODY = YES;
				CLANG_WARN_ENUM_CONVERSION = YES;
				CLANG_WARN_INFINITE_RECURSION = YES;
				CLANG_WARN_INT_CONVERSION = YES;
				CLANG_WARN_NON_LITERAL_NULL_CONVERSION = YES;
				CLANG_WARN_OBJC_IMPLICIT_RETAIN_SELF = YES;
				CLANG_WARN_OBJC_LITERAL_CONVERSION = YES;
				CLANG_WARN_OBJC_ROOT_CLASS = YES_ERROR;
				CLANG_WARN_RANGE_LOOP_ANALYSIS = YES;
				CLANG_WARN_STRICT_PROTOTYPES = YES;
				CLANG_WARN_SUSPICIOUS_MOVE = YES;
				CLANG_WARN_UNGUARDED_AVAILABILITY = YES_AGGRESSIVE;
				CLANG_WARN_UNREACHABLE_CODE = YES;
				CLANG_WARN__DUPLICATE_METHOD_MATCH = YES;
				CODE_SIGN_IDENTITY = "iPhone Developer";
				COPY_PHASE_STRIP = NO;
				DEBUG_INFORMATION_FORMAT = "dwarf-with-dsym";
				ENABLE_NS_ASSERTIONS = NO;
				ENABLE_STRICT_OBJC_MSGSEND = YES;
				GCC_C_LANGUAGE_STANDARD = gnu11;
				GCC_NO_COMMON_BLOCKS = YES;
				GCC_WARN_64_TO_32_BIT_CONVERSION = YES;
				GCC_WARN_ABOUT_RETURN_TYPE = YES_ERROR;
				GCC_WARN_UNDECLARED_SELECTOR = YES;
				GCC_WARN_UNINITIALIZED_AUTOS = YES_AGGRESSIVE;
				GCC_WARN_UNUSED_FUNCTION = YES;
				GCC_WARN_UNUSED_VARIABLE = YES;
				IPHONEOS_DEPLOYMENT_TARGET = 12.2;
				MTL_ENABLE_DEBUG_INFO = NO;
				MTL_FAST_MATH = YES;
				SDKROOT = iphoneos;
				SWIFT_COMPILATION_MODE = wholemodule;
				SWIFT_OPTIMIZATION_LEVEL = "-O";
				VALIDATE_PRODUCT = YES;
			};
			name = Release;
		};
		043D11AB22B808E00059431F /* Debug */ = {
			isa = XCBuildConfiguration;
			baseConfigurationReference = D2DD8564EE9A73E8D8FA085B /* Pods-Clima v2.debug.xcconfig */;
			buildSettings = {
				ASSETCATALOG_COMPILER_APPICON_NAME = AppIcon;
				CODE_SIGN_STYLE = Automatic;
				DEVELOPMENT_TEAM = 848C2FNJZC;
				INFOPLIST_FILE = "Clima v2/Info.plist";
				LD_RUNPATH_SEARCH_PATHS = (
					"$(inherited)",
					"@executable_path/Frameworks",
				);
				PRODUCT_BUNDLE_IDENTIFIER = "com.deontecodes.Clima-v2";
				PRODUCT_NAME = "$(TARGET_NAME)";
				SWIFT_VERSION = 5.0;
				TARGETED_DEVICE_FAMILY = 1;
			};
			name = Debug;
		};
		043D11AC22B808E00059431F /* Release */ = {
			isa = XCBuildConfiguration;
			baseConfigurationReference = 8EC6A0131C65316541CC9DB2 /* Pods-Clima v2.release.xcconfig */;
			buildSettings = {
				ASSETCATALOG_COMPILER_APPICON_NAME = AppIcon;
				CODE_SIGN_STYLE = Automatic;
				DEVELOPMENT_TEAM = 848C2FNJZC;
				INFOPLIST_FILE = "Clima v2/Info.plist";
				LD_RUNPATH_SEARCH_PATHS = (
					"$(inherited)",
					"@executable_path/Frameworks",
				);
				PRODUCT_BUNDLE_IDENTIFIER = "com.deontecodes.Clima-v2";
				PRODUCT_NAME = "$(TARGET_NAME)";
				SWIFT_VERSION = 5.0;
				TARGETED_DEVICE_FAMILY = 1;
			};
			name = Release;
		};
/* End XCBuildConfiguration section */

/* Begin XCConfigurationList section */
		043D119322B808DF0059431F /* Build configuration list for PBXProject "Clima v2" */ = {
			isa = XCConfigurationList;
			buildConfigurations = (
				043D11A822B808E00059431F /* Debug */,
				043D11A922B808E00059431F /* Release */,
			);
			defaultConfigurationIsVisible = 0;
			defaultConfigurationName = Release;
		};
		043D11AA22B808E00059431F /* Build configuration list for PBXNativeTarget "Clima v2" */ = {
			isa = XCConfigurationList;
			buildConfigurations = (
				043D11AB22B808E00059431F /* Debug */,
				043D11AC22B808E00059431F /* Release */,
			);
			defaultConfigurationIsVisible = 0;
			defaultConfigurationName = Release;
		};
/* End XCConfigurationList section */
	};
	rootObject = 043D119022B808DF0059431F /* Project object */;
}
